
Microsoft Visual Studio Solution File, Format Version 12.00
# Visual Studio Version 17
VisualStudioVersion = 17.11.35222.181
MinimumVisualStudioVersion = 10.0.40219.1
Project("{9A19103F-16F7-4668-BE54-9A1E7A4F7556}") = "9", "9\9.csproj", "{38D96EF6-ACD4-4440-9F34-0DA111558505}"
EndProject
Project("{FAE04EC0-301F-11D3-BF4B-00C04F79EFBC}") = "9Tests", "9Tests\9Tests.csproj", "{9955AB3E-AF78-4F6B-84A7-F713DA4DA334}"
EndProject
Global
	GlobalSection(SolutionConfigurationPlatforms) = preSolution
		Debug|Any CPU = Debug|Any CPU
		Release|Any CPU = Release|Any CPU
	EndGlobalSection
	GlobalSection(ProjectConfigurationPlatforms) = postSolution
		{38D96EF6-ACD4-4440-9F34-0DA111558505}.Debug|Any CPU.ActiveCfg = Debug|Any CPU
		{38D96EF6-ACD4-4440-9F34-0DA111558505}.Debug|Any CPU.Build.0 = Debug|Any CPU
		{38D96EF6-ACD4-4440-9F34-0DA111558505}.Release|Any CPU.ActiveCfg = Release|Any CPU
		{38D96EF6-ACD4-4440-9F34-0DA111558505}.Release|Any CPU.Build.0 = Release|Any CPU
		{9955AB3E-AF78-4F6B-84A7-F713DA4DA334}.Debug|Any CPU.ActiveCfg = Debug|Any CPU
		{9955AB3E-AF78-4F6B-84A7-F713DA4DA334}.Debug|Any CPU.Build.0 = Debug|Any CPU
		{9955AB3E-AF78-4F6B-84A7-F713DA4DA334}.Release|Any CPU.ActiveCfg = Release|Any CPU
		{9955AB3E-AF78-4F6B-84A7-F713DA4DA334}.Release|Any CPU.Build.0 = Release|Any CPU
	EndGlobalSection
	GlobalSection(SolutionProperties) = preSolution
		HideSolutionNode = FALSE
	EndGlobalSection
	GlobalSection(ExtensibilityGlobals) = postSolution
		SolutionGuid = {38CD1374-EAC3-42E0-9639-F1F5AB461CA3}
	EndGlobalSection
EndGlobal
